// !$*UTF8*$!
{
	archiveVersion = 1;
	classes = {
	};
	objectVersion = 52;
	objects = {

/* Begin PBXBuildFile section */
		6CE562D5245F985000DCF7F2 /* AppDelegate.swift in Sources */ = {isa = PBXBuildFile; fileRef = 6CE562D4245F985000DCF7F2 /* AppDelegate.swift */; };
		6CE562D7245F985000DCF7F2 /* SceneDelegate.swift in Sources */ = {isa = PBXBuildFile; fileRef = 6CE562D6245F985000DCF7F2 /* SceneDelegate.swift */; };
		6CE562DE245F985200DCF7F2 /* Assets.xcassets in Resources */ = {isa = PBXBuildFile; fileRef = 6CE562DD245F985200DCF7F2 /* Assets.xcassets */; };
		6CE562E1245F985200DCF7F2 /* LaunchScreen.storyboard in Resources */ = {isa = PBXBuildFile; fileRef = 6CE562DF245F985200DCF7F2 /* LaunchScreen.storyboard */; };
		6CE562EF245F9E0A00DCF7F2 /* MainViewController.swift in Sources */ = {isa = PBXBuildFile; fileRef = 6CE562EE245F9E0A00DCF7F2 /* MainViewController.swift */; };
		6CE562F5245FA04000DCF7F2 /* DataPersistence in Frameworks */ = {isa = PBXBuildFile; productRef = 6CE562F4245FA04000DCF7F2 /* DataPersistence */; };
		6CE562F8245FA05700DCF7F2 /* ImageKit in Frameworks */ = {isa = PBXBuildFile; productRef = 6CE562F7245FA05700DCF7F2 /* ImageKit */; };
		6CE562FA245FA1D400DCF7F2 /* Photo.swift in Sources */ = {isa = PBXBuildFile; fileRef = 6CE562F9245FA1D400DCF7F2 /* Photo.swift */; };
		6CE562FC245FA31800DCF7F2 /* MainView.swift in Sources */ = {isa = PBXBuildFile; fileRef = 6CE562FB245FA31800DCF7F2 /* MainView.swift */; };
		6CE5631F245FA9DD00DCF7F2 /* PhotoCell.swift in Sources */ = {isa = PBXBuildFile; fileRef = 6CE5631E245FA9DD00DCF7F2 /* PhotoCell.swift */; };
		6CE56321245FAA6A00DCF7F2 /* CreateView.swift in Sources */ = {isa = PBXBuildFile; fileRef = 6CE56320245FAA6A00DCF7F2 /* CreateView.swift */; };
		6CE56323245FAAA800DCF7F2 /* Extensions.swift in Sources */ = {isa = PBXBuildFile; fileRef = 6CE56322245FAAA800DCF7F2 /* Extensions.swift */; };
		6CE56325245FAAC600DCF7F2 /* CreateViewController.swift in Sources */ = {isa = PBXBuildFile; fileRef = 6CE56324245FAAC600DCF7F2 /* CreateViewController.swift */; };
/* End PBXBuildFile section */

/* Begin PBXFileReference section */
		6CE562D1245F985000DCF7F2 /* PhotoJournal.app */ = {isa = PBXFileReference; explicitFileType = wrapper.application; includeInIndex = 0; path = PhotoJournal.app; sourceTree = BUILT_PRODUCTS_DIR; };
		6CE562D4245F985000DCF7F2 /* AppDelegate.swift */ = {isa = PBXFileReference; lastKnownFileType = sourcecode.swift; path = AppDelegate.swift; sourceTree = "<group>"; };
		6CE562D6245F985000DCF7F2 /* SceneDelegate.swift */ = {isa = PBXFileReference; lastKnownFileType = sourcecode.swift; path = SceneDelegate.swift; sourceTree = "<group>"; };
		6CE562DD245F985200DCF7F2 /* Assets.xcassets */ = {isa = PBXFileReference; lastKnownFileType = folder.assetcatalog; path = Assets.xcassets; sourceTree = "<group>"; };
		6CE562E0245F985200DCF7F2 /* Base */ = {isa = PBXFileReference; lastKnownFileType = file.storyboard; name = Base; path = Base.lproj/LaunchScreen.storyboard; sourceTree = "<group>"; };
		6CE562E2245F985200DCF7F2 /* Info.plist */ = {isa = PBXFileReference; lastKnownFileType = text.plist.xml; path = Info.plist; sourceTree = "<group>"; };
		6CE562EE245F9E0A00DCF7F2 /* MainViewController.swift */ = {isa = PBXFileReference; lastKnownFileType = sourcecode.swift; path = MainViewController.swift; sourceTree = "<group>"; };
		6CE562F9245FA1D400DCF7F2 /* Photo.swift */ = {isa = PBXFileReference; lastKnownFileType = sourcecode.swift; path = Photo.swift; sourceTree = "<group>"; };
		6CE562FB245FA31800DCF7F2 /* MainView.swift */ = {isa = PBXFileReference; lastKnownFileType = sourcecode.swift; path = MainView.swift; sourceTree = "<group>"; };
		6CE5631E245FA9DD00DCF7F2 /* PhotoCell.swift */ = {isa = PBXFileReference; lastKnownFileType = sourcecode.swift; path = PhotoCell.swift; sourceTree = "<group>"; };
		6CE56320245FAA6A00DCF7F2 /* CreateView.swift */ = {isa = PBXFileReference; lastKnownFileType = sourcecode.swift; path = CreateView.swift; sourceTree = "<group>"; };
		6CE56322245FAAA800DCF7F2 /* Extensions.swift */ = {isa = PBXFileReference; lastKnownFileType = sourcecode.swift; path = Extensions.swift; sourceTree = "<group>"; };
		6CE56324245FAAC600DCF7F2 /* CreateViewController.swift */ = {isa = PBXFileReference; lastKnownFileType = sourcecode.swift; path = CreateViewController.swift; sourceTree = "<group>"; };
/* End PBXFileReference section */

/* Begin PBXFrameworksBuildPhase section */
		6CE562CE245F985000DCF7F2 /* Frameworks */ = {
			isa = PBXFrameworksBuildPhase;
			buildActionMask = 2147483647;
			files = (
				6CE562F5245FA04000DCF7F2 /* DataPersistence in Frameworks */,
				6CE562F8245FA05700DCF7F2 /* ImageKit in Frameworks */,
			);
			runOnlyForDeploymentPostprocessing = 0;
		};
/* End PBXFrameworksBuildPhase section */

/* Begin PBXGroup section */
		6CE562C8245F985000DCF7F2 = {
			isa = PBXGroup;
			children = (
				6CE562D3245F985000DCF7F2 /* PhotoJournal */,
				6CE562D2245F985000DCF7F2 /* Products */,
			);
			sourceTree = "<group>";
		};
		6CE562D2245F985000DCF7F2 /* Products */ = {
			isa = PBXGroup;
			children = (
				6CE562D1245F985000DCF7F2 /* PhotoJournal.app */,
			);
			name = Products;
			sourceTree = "<group>";
		};
		6CE562D3245F985000DCF7F2 /* PhotoJournal */ = {
			isa = PBXGroup;
			children = (
				6CE5631D245FA9B700DCF7F2 /* Cell */,
				6CE562EC245F9D4700DCF7F2 /* Model */,
				6CE562EB245F9D4400DCF7F2 /* View */,
				6CE562E8245F9D3600DCF7F2 /* Controller */,
				6CE562F0245F9E2800DCF7F2 /* Extension */,
				6CE562ED245F9D6100DCF7F2 /* SupportingFiles */,
				6CE562E2245F985200DCF7F2 /* Info.plist */,
			);
			path = PhotoJournal;
			sourceTree = "<group>";
		};
		6CE562E8245F9D3600DCF7F2 /* Controller */ = {
			isa = PBXGroup;
			children = (
				6CE562EE245F9E0A00DCF7F2 /* MainViewController.swift */,
				6CE56324245FAAC600DCF7F2 /* CreateViewController.swift */,
			);
			path = Controller;
			sourceTree = "<group>";
		};
		6CE562EB245F9D4400DCF7F2 /* View */ = {
			isa = PBXGroup;
			children = (
				6CE562FB245FA31800DCF7F2 /* MainView.swift */,
				6CE56320245FAA6A00DCF7F2 /* CreateView.swift */,
			);
			path = View;
			sourceTree = "<group>";
		};
		6CE562EC245F9D4700DCF7F2 /* Model */ = {
			isa = PBXGroup;
			children = (
				6CE562F9245FA1D400DCF7F2 /* Photo.swift */,
			);
			path = Model;
			sourceTree = "<group>";
		};
		6CE562ED245F9D6100DCF7F2 /* SupportingFiles */ = {
			isa = PBXGroup;
			children = (
				6CE562D4245F985000DCF7F2 /* AppDelegate.swift */,
				6CE562D6245F985000DCF7F2 /* SceneDelegate.swift */,
				6CE562DD245F985200DCF7F2 /* Assets.xcassets */,
				6CE562DF245F985200DCF7F2 /* LaunchScreen.storyboard */,
			);
			path = SupportingFiles;
			sourceTree = "<group>";
		};
		6CE562F0245F9E2800DCF7F2 /* Extension */ = {
			isa = PBXGroup;
			children = (
				6CE56322245FAAA800DCF7F2 /* Extensions.swift */,
			);
			path = Extension;
			sourceTree = "<group>";
		};
		6CE5631D245FA9B700DCF7F2 /* Cell */ = {
			isa = PBXGroup;
			children = (
				6CE5631E245FA9DD00DCF7F2 /* PhotoCell.swift */,
			);
			path = Cell;
			sourceTree = "<group>";
		};
/* End PBXGroup section */

/* Begin PBXNativeTarget section */
		6CE562D0245F985000DCF7F2 /* PhotoJournal */ = {
			isa = PBXNativeTarget;
			buildConfigurationList = 6CE562E5245F985200DCF7F2 /* Build configuration list for PBXNativeTarget "PhotoJournal" */;
			buildPhases = (
				6CE562CD245F985000DCF7F2 /* Sources */,
				6CE562CE245F985000DCF7F2 /* Frameworks */,
				6CE562CF245F985000DCF7F2 /* Resources */,
			);
			buildRules = (
			);
			dependencies = (
			);
			name = PhotoJournal;
			packageProductDependencies = (
				6CE562F4245FA04000DCF7F2 /* DataPersistence */,
				6CE562F7245FA05700DCF7F2 /* ImageKit */,
			);
			productName = PhotoJournal;
			productReference = 6CE562D1245F985000DCF7F2 /* PhotoJournal.app */;
			productType = "com.apple.product-type.application";
		};
/* End PBXNativeTarget section */

/* Begin PBXProject section */
		6CE562C9245F985000DCF7F2 /* Project object */ = {
			isa = PBXProject;
			attributes = {
				LastSwiftUpdateCheck = 1140;
				LastUpgradeCheck = 1140;
				ORGANIZATIONNAME = "Edward O'Neill";
				TargetAttributes = {
					6CE562D0245F985000DCF7F2 = {
						CreatedOnToolsVersion = 11.4.1;
					};
				};
			};
			buildConfigurationList = 6CE562CC245F985000DCF7F2 /* Build configuration list for PBXProject "PhotoJournal" */;
			compatibilityVersion = "Xcode 9.3";
			developmentRegion = en;
			hasScannedForEncodings = 0;
			knownRegions = (
				en,
				Base,
			);
			mainGroup = 6CE562C8245F985000DCF7F2;
			packageReferences = (
				6CE562F3245FA04000DCF7F2 /* XCRemoteSwiftPackageReference "DataPersistence" */,
				6CE562F6245FA05700DCF7F2 /* XCRemoteSwiftPackageReference "ImageKit" */,
			);
			productRefGroup = 6CE562D2245F985000DCF7F2 /* Products */;
			projectDirPath = "";
			projectRoot = "";
			targets = (
				6CE562D0245F985000DCF7F2 /* PhotoJournal */,
			);
		};
/* End PBXProject section */

/* Begin PBXResourcesBuildPhase section */
		6CE562CF245F985000DCF7F2 /* Resources */ = {
			isa = PBXResourcesBuildPhase;
			buildActionMask = 2147483647;
			files = (
				6CE562E1245F985200DCF7F2 /* LaunchScreen.storyboard in Resources */,
				6CE562DE245F985200DCF7F2 /* Assets.xcassets in Resources */,
			);
			runOnlyForDeploymentPostprocessing = 0;
		};
/* End PBXResourcesBuildPhase section */

/* Begin PBXSourcesBuildPhase section */
		6CE562CD245F985000DCF7F2 /* Sources */ = {
			isa = PBXSourcesBuildPhase;
			buildActionMask = 2147483647;
			files = (
				6CE56325245FAAC600DCF7F2 /* CreateViewController.swift in Sources */,
				6CE5631F245FA9DD00DCF7F2 /* PhotoCell.swift in Sources */,
				6CE56323245FAAA800DCF7F2 /* Extensions.swift in Sources */,
				6CE562FC245FA31800DCF7F2 /* MainView.swift in Sources */,
				6CE562EF245F9E0A00DCF7F2 /* MainViewController.swift in Sources */,
				6CE56321245FAA6A00DCF7F2 /* CreateView.swift in Sources */,
				6CE562D5245F985000DCF7F2 /* AppDelegate.swift in Sources */,
				6CE562D7245F985000DCF7F2 /* SceneDelegate.swift in Sources */,
				6CE562FA245FA1D400DCF7F2 /* Photo.swift in Sources */,
			);
			runOnlyForDeploymentPostprocessing = 0;
		};
/* End PBXSourcesBuildPhase section */

/* Begin PBXVariantGroup section */
		6CE562DF245F985200DCF7F2 /* LaunchScreen.storyboard */ = {
			isa = PBXVariantGroup;
			children = (
				6CE562E0245F985200DCF7F2 /* Base */,
			);
			name = LaunchScreen.storyboard;
			sourceTree = "<group>";
		};
/* End PBXVariantGroup section */

/* Begin XCBuildConfiguration section */
		6CE562E3245F985200DCF7F2 /* Debug */ = {
			isa = XCBuildConfiguration;
			buildSettings = {
				ALWAYS_SEARCH_USER_PATHS = NO;
				CLANG_ANALYZER_NONNULL = YES;
				CLANG_ANALYZER_NUMBER_OBJECT_CONVERSION = YES_AGGRESSIVE;
				CLANG_CXX_LANGUAGE_STANDARD = "gnu++14";
				CLANG_CXX_LIBRARY = "libc++";
				CLANG_ENABLE_MODULES = YES;
				CLANG_ENABLE_OBJC_ARC = YES;
				CLANG_ENABLE_OBJC_WEAK = YES;
				CLANG_WARN_BLOCK_CAPTURE_AUTORELEASING = YES;
				CLANG_WARN_BOOL_CONVERSION = YES;
				CLANG_WARN_COMMA = YES;
				CLANG_WARN_CONSTANT_CONVERSION = YES;
				CLANG_WARN_DEPRECATED_OBJC_IMPLEMENTATIONS = YES;
				CLANG_WARN_DIRECT_OBJC_ISA_USAGE = YES_ERROR;
				CLANG_WARN_DOCUMENTATION_COMMENTS = YES;
				CLANG_WARN_EMPTY_BODY = YES;
				CLANG_WARN_ENUM_CONVERSION = YES;
				CLANG_WARN_INFINITE_RECURSION = YES;
				CLANG_WARN_INT_CONVERSION = YES;
				CLANG_WARN_NON_LITERAL_NULL_CONVERSION = YES;
				CLANG_WARN_OBJC_IMPLICIT_RETAIN_SELF = YES;
				CLANG_WARN_OBJC_LITERAL_CONVERSION = YES;
				CLANG_WARN_OBJC_ROOT_CLASS = YES_ERROR;
				CLANG_WARN_RANGE_LOOP_ANALYSIS = YES;
				CLANG_WARN_STRICT_PROTOTYPES = YES;
				CLANG_WARN_SUSPICIOUS_MOVE = YES;
				CLANG_WARN_UNGUARDED_AVAILABILITY = YES_AGGRESSIVE;
				CLANG_WARN_UNREACHABLE_CODE = YES;
				CLANG_WARN__DUPLICATE_METHOD_MATCH = YES;
				COPY_PHASE_STRIP = NO;
				DEBUG_INFORMATION_FORMAT = dwarf;
				ENABLE_STRICT_OBJC_MSGSEND = YES;
				ENABLE_TESTABILITY = YES;
				GCC_C_LANGUAGE_STANDARD = gnu11;
				GCC_DYNAMIC_NO_PIC = NO;
				GCC_NO_COMMON_BLOCKS = YES;
				GCC_OPTIMIZATION_LEVEL = 0;
				GCC_PREPROCESSOR_DEFINITIONS = (
					"DEBUG=1",
					"$(inherited)",
				);
				GCC_WARN_64_TO_32_BIT_CONVERSION = YES;
				GCC_WARN_ABOUT_RETURN_TYPE = YES_ERROR;
				GCC_WARN_UNDECLARED_SELECTOR = YES;
				GCC_WARN_UNINITIALIZED_AUTOS = YES_AGGRESSIVE;
				GCC_WARN_UNUSED_FUNCTION = YES;
				GCC_WARN_UNUSED_VARIABLE = YES;
				IPHONEOS_DEPLOYMENT_TARGET = 13.4;
				MTL_ENABLE_DEBUG_INFO = INCLUDE_SOURCE;
				MTL_FAST_MATH = YES;
				ONLY_ACTIVE_ARCH = YES;
				SDKROOT = iphoneos;
				SWIFT_ACTIVE_COMPILATION_CONDITIONS = DEBUG;
				SWIFT_OPTIMIZATION_LEVEL = "-Onone";
			};
			name = Debug;
		};
		6CE562E4245F985200DCF7F2 /* Release */ = {
			isa = XCBuildConfiguration;
			buildSettings = {
				ALWAYS_SEARCH_USER_PATHS = NO;
				CLANG_ANALYZER_NONNULL = YES;
				CLANG_ANALYZER_NUMBER_OBJECT_CONVERSION = YES_AGGRESSIVE;
				CLANG_CXX_LANGUAGE_STANDARD = "gnu++14";
				CLANG_CXX_LIBRARY = "libc++";
				CLANG_ENABLE_MODULES = YES;
				CLANG_ENABLE_OBJC_ARC = YES;
				CLANG_ENABLE_OBJC_WEAK = YES;
				CLANG_WARN_BLOCK_CAPTURE_AUTORELEASING = YES;
				CLANG_WARN_BOOL_CONVERSION = YES;
				CLANG_WARN_COMMA = YES;
				CLANG_WARN_CONSTANT_CONVERSION = YES;
				CLANG_WARN_DEPRECATED_OBJC_IMPLEMENTATIONS = YES;
				CLANG_WARN_DIRECT_OBJC_ISA_USAGE = YES_ERROR;
				CLANG_WARN_DOCUMENTATION_COMMENTS = YES;
				CLANG_WARN_EMPTY_BODY = YES;
				CLANG_WARN_ENUM_CONVERSION = YES;
				CLANG_WARN_INFINITE_RECURSION = YES;
				CLANG_WARN_INT_CONVERSION = YES;
				CLANG_WARN_NON_LITERAL_NULL_CONVERSION = YES;
				CLANG_WARN_OBJC_IMPLICIT_RETAIN_SELF = YES;
				CLANG_WARN_OBJC_LITERAL_CONVERSION = YES;
				CLANG_WARN_OBJC_ROOT_CLASS = YES_ERROR;
				CLANG_WARN_RANGE_LOOP_ANALYSIS = YES;
				CLANG_WARN_STRICT_PROTOTYPES = YES;
				CLANG_WARN_SUSPICIOUS_MOVE = YES;
				CLANG_WARN_UNGUARDED_AVAILABILITY = YES_AGGRESSIVE;
				CLANG_WARN_UNREACHABLE_CODE = YES;
				CLANG_WARN__DUPLICATE_METHOD_MATCH = YES;
				COPY_PHASE_STRIP = NO;
				DEBUG_INFORMATION_FORMAT = "dwarf-with-dsym";
				ENABLE_NS_ASSERTIONS = NO;
				ENABLE_STRICT_OBJC_MSGSEND = YES;
				GCC_C_LANGUAGE_STANDARD = gnu11;
				GCC_NO_COMMON_BLOCKS = YES;
				GCC_WARN_64_TO_32_BIT_CONVERSION = YES;
				GCC_WARN_ABOUT_RETURN_TYPE = YES_ERROR;
				GCC_WARN_UNDECLARED_SELECTOR = YES;
				GCC_WARN_UNINITIALIZED_AUTOS = YES_AGGRESSIVE;
				GCC_WARN_UNUSED_FUNCTION = YES;
				GCC_WARN_UNUSED_VARIABLE = YES;
				IPHONEOS_DEPLOYMENT_TARGET = 13.4;
				MTL_ENABLE_DEBUG_INFO = NO;
				MTL_FAST_MATH = YES;
				SDKROOT = iphoneos;
				SWIFT_COMPILATION_MODE = wholemodule;
				SWIFT_OPTIMIZATION_LEVEL = "-O";
				VALIDATE_PRODUCT = YES;
			};
			name = Release;
		};
		6CE562E6245F985200DCF7F2 /* Debug */ = {
			isa = XCBuildConfiguration;
			buildSettings = {
				ASSETCATALOG_COMPILER_APPICON_NAME = AppIcon;
				CODE_SIGN_STYLE = Automatic;
				DEVELOPMENT_TEAM = 3AKWB6WDMH;
				INFOPLIST_FILE = PhotoJournal/Info.plist;
				LD_RUNPATH_SEARCH_PATHS = (
					"$(inherited)",
					"@executable_path/Frameworks",
				);
				PRODUCT_BUNDLE_IDENTIFIER = com.edward.PhotoJournal;
				PRODUCT_NAME = "$(TARGET_NAME)";
				SWIFT_VERSION = 5.0;
				TARGETED_DEVICE_FAMILY = "1,2";
			};
			name = Debug;
		};
		6CE562E7245F985200DCF7F2 /* Release */ = {
			isa = XCBuildConfiguration;
			buildSettings = {
				ASSETCATALOG_COMPILER_APPICON_NAME = AppIcon;
				CODE_SIGN_STYLE = Automatic;
				DEVELOPMENT_TEAM = 3AKWB6WDMH;
				INFOPLIST_FILE = PhotoJournal/Info.plist;
				LD_RUNPATH_SEARCH_PATHS = (
					"$(inherited)",
					"@executable_path/Frameworks",
				);
				PRODUCT_BUNDLE_IDENTIFIER = com.edward.PhotoJournal;
				PRODUCT_NAME = "$(TARGET_NAME)";
				SWIFT_VERSION = 5.0;
				TARGETED_DEVICE_FAMILY = "1,2";
			};
			name = Release;
		};
/* End XCBuildConfiguration section */

/* Begin XCConfigurationList section */
		6CE562CC245F985000DCF7F2 /* Build configuration list for PBXProject "PhotoJournal" */ = {
			isa = XCConfigurationList;
			buildConfigurations = (
				6CE562E3245F985200DCF7F2 /* Debug */,
				6CE562E4245F985200DCF7F2 /* Release */,
			);
			defaultConfigurationIsVisible = 0;
			defaultConfigurationName = Release;
		};
		6CE562E5245F985200DCF7F2 /* Build configuration list for PBXNativeTarget "PhotoJournal" */ = {
			isa = XCConfigurationList;
			buildConfigurations = (
				6CE562E6245F985200DCF7F2 /* Debug */,
				6CE562E7245F985200DCF7F2 /* Release */,
			);
			defaultConfigurationIsVisible = 0;
			defaultConfigurationName = Release;
		};
/* End XCConfigurationList section */

/* Begin XCRemoteSwiftPackageReference section */
		6CE562F3245FA04000DCF7F2 /* XCRemoteSwiftPackageReference "DataPersistence" */ = {
			isa = XCRemoteSwiftPackageReference;
			repositoryURL = "https://github.com/alexpaul/DataPersistence";
			requirement = {
				kind = upToNextMajorVersion;
				minimumVersion = 1.1.0;
			};
		};
		6CE562F6245FA05700DCF7F2 /* XCRemoteSwiftPackageReference "ImageKit" */ = {
			isa = XCRemoteSwiftPackageReference;
			repositoryURL = "https://github.com/alexpaul/ImageKit";
			requirement = {
				kind = upToNextMajorVersion;
				minimumVersion = 1.0.5;
			};
		};
/* End XCRemoteSwiftPackageReference section */

/* Begin XCSwiftPackageProductDependency section */
		6CE562F4245FA04000DCF7F2 /* DataPersistence */ = {
			isa = XCSwiftPackageProductDependency;
			package = 6CE562F3245FA04000DCF7F2 /* XCRemoteSwiftPackageReference "DataPersistence" */;
			productName = DataPersistence;
		};
		6CE562F7245FA05700DCF7F2 /* ImageKit */ = {
			isa = XCSwiftPackageProductDependency;
			package = 6CE562F6245FA05700DCF7F2 /* XCRemoteSwiftPackageReference "ImageKit" */;
			productName = ImageKit;
		};
/* End XCSwiftPackageProductDependency section */
	};
	rootObject = 6CE562C9245F985000DCF7F2 /* Project object */;
}
